
Microsoft Visual Studio Solution File, Format Version 12.00
Project("{FAE04EC0-301F-11D3-BF4B-00C04F79EFBC}") = "Issue_WinForms_FormattedValue", "Issue_WinForms_FormattedValue\Issue_WinForms_FormattedValue.csproj", "{F4C47FF6-C515-42D3-987A-B2123AF565DF}"
EndProject
Global
	GlobalSection(SolutionConfigurationPlatforms) = preSolution
		Debug|Any CPU = Debug|Any CPU
		Release|Any CPU = Release|Any CPU
	EndGlobalSection
	GlobalSection(ProjectConfigurationPlatforms) = postSolution
		{F4C47FF6-C515-42D3-987A-B2123AF565DF}.Debug|Any CPU.ActiveCfg = Debug|Any CPU
		{F4C47FF6-C515-42D3-987A-B2123AF565DF}.Debug|Any CPU.Build.0 = Debug|Any CPU
		{F4C47FF6-C515-42D3-987A-B2123AF565DF}.Release|Any CPU.ActiveCfg = Release|Any CPU
		{F4C47FF6-C515-42D3-987A-B2123AF565DF}.Release|Any CPU.Build.0 = Release|Any CPU
	EndGlobalSection
EndGlobal
